
Microsoft Visual Studio Solution File, Format Version 11.00
# Visual Studio 2010
Project("{FAE04EC0-301F-11D3-BF4B-00C04F79EFBC}") = "ADO.NET", "ADO.NET\ADO.NET.csproj", "{AD6AD4B8-39E2-4BA8-8FB9-BC8C5C7DF0E4}"
EndProject
Global
	GlobalSection(SolutionConfigurationPlatforms) = preSolution
		Debug|x86 = Debug|x86
		Release|x86 = Release|x86
	EndGlobalSection
	GlobalSection(ProjectConfigurationPlatforms) = postSolution
		{AD6AD4B8-39E2-4BA8-8FB9-BC8C5C7DF0E4}.Debug|x86.ActiveCfg = Debug|x86
		{AD6AD4B8-39E2-4BA8-8FB9-BC8C5C7DF0E4}.Debug|x86.Build.0 = Debug|x86
		{AD6AD4B8-39E2-4BA8-8FB9-BC8C5C7DF0E4}.Release|x86.ActiveCfg = Release|x86
		{AD6AD4B8-39E2-4BA8-8FB9-BC8C5C7DF0E4}.Release|x86.Build.0 = Release|x86
	EndGlobalSection
	GlobalSection(SolutionProperties) = preSolution
		HideSolutionNode = FALSE
	EndGlobalSection
EndGlobal
